{
  "name": "purescript-hareactive",
  "version": "0.0.1",
  "lockfileVersion": 1,
  "requires": true,
  "dependencies": {
    "@funkia/hareactive": {
      "version": "0.3.2",
      "resolved": "https://registry.npmjs.org/@funkia/hareactive/-/hareactive-0.3.2.tgz",
      "integrity": "sha512-kdrT7oBC+inAy+hRky3cxVJ5rroLxWdGSv4buffNmVyDF8rIdjdweTs8z87jnItvsR63f63cyLBlXV7Q7Wr9Kg==",
      "requires": {
        "@funkia/io": "0.0.4",
        "tslib": "^1.9.3"
      }
    },
    "@funkia/io": {
      "version": "0.0.4",
      "resolved": "https://registry.npmjs.org/@funkia/io/-/io-0.0.4.tgz",
      "integrity": "sha512-nAjlCfofWo7Xhi9lVYXBb9cYltXCCRkuQn2gjojG3oMl7e1Bzizq6g06Hdz/kx+uRzgGQhy2jDGJIaupA67ZHw==",
      "requires": {
        "@funkia/jabz": "0.0.24",
        "prettier": "^1.13.7",
        "tslib": "^1.9.3"
      }
    },
    "@funkia/jabz": {
      "version": "0.0.24",
      "resolved": "https://registry.npmjs.org/@funkia/jabz/-/jabz-0.0.24.tgz",
      "integrity": "sha512-zVqcjXvSR9Rh78wMvtOZqnOP0QWFGX4++cRJgdhm0ELz7Pgfy5m+ZjzmWngFxYC5q4QG6ZrcywMlBuMlHuVxoA==",
      "requires": {
        "tslib": "^1.9.2"
      }
    },
    "prettier": {
      "version": "1.17.0",
      "resolved": "https://registry.npmjs.org/prettier/-/prettier-1.17.0.tgz",
      "integrity": "sha512-sXe5lSt2WQlCbydGETgfm1YBShgOX4HxQkFPvbxkcwgDvGDeqVau8h+12+lmSVlP3rHPz0oavfddSZg/q+Szjw=="
    },
    "tslib": {
      "version": "1.9.3",
      "resolved": "https://registry.npmjs.org/tslib/-/tslib-1.9.3.tgz",
      "integrity": "sha512-4krF8scpejhaOgqzBEcGM7yDIEfi0/8+8zDRZhNZZ2kjmHJ4hv3zCbQWxoJGz1iw5U0Jl0nma13xzHXcncMavQ=="
    }
  }
}
