{
  "name": "purescript-hareactive",
  "version": "0.0.1",
  "lockfileVersion": 1,
  "requires": true,
  "dependencies": {
    "@funkia/hareactive": {
      "version": "0.1.3",
      "resolved": "https://registry.npmjs.org/@funkia/hareactive/-/hareactive-0.1.3.tgz",
      "integrity": "sha512-ZKy6ugTu2Ej8pnINt6sGA1FuJr8m+8RXIK2WnWhASBI1X67enHwouG5Mb1tN4Pdzc7ehCuziyeJTqhAbS2cyFA==",
      "requires": {
        "@funkia/jabz": "0.0.23",
        "tslib": "1.9.0"
      }
    },
    "@funkia/jabz": {
      "version": "0.0.23",
      "resolved": "https://registry.npmjs.org/@funkia/jabz/-/jabz-0.0.23.tgz",
      "integrity": "sha512-kWz3GDtzf74hpPP4zHS2bIHWjWCtdOwME+TeRpSlk8so/sz9R9ZfkO2ZUEo2RSs+IqnUL9DVXdJawUpYaflZmA==",
      "requires": {
        "tslib": "1.9.0"
      }
    },
    "tslib": {
      "version": "1.9.0",
      "resolved": "https://registry.npmjs.org/tslib/-/tslib-1.9.0.tgz",
      "integrity": "sha512-f/qGG2tUkrISBlQZEjEqoZ3B2+npJjIf04H1wuAv9iA8i04Icp+61KRXxFdha22670NJopsZCIjhC3SnjPRKrQ=="
    }
  }
}
