{
  "name": "purescript-hareactive",
  "version": "0.0.1",
  "lockfileVersion": 1,
  "requires": true,
  "dependencies": {
    "@funkia/hareactive": {
      "version": "0.2.0",
      "resolved": "https://registry.npmjs.org/@funkia/hareactive/-/hareactive-0.2.0.tgz",
      "integrity": "sha512-NjpXAqrgECS/84artkb4p3zMG35+mDpfwMvHQil49ec1BmtNyGWeKvMVzyl2LnM+lJm2/P3xr157WQXfMSHBuA==",
      "requires": {
        "@funkia/jabz": "0.0.24",
        "tslib": "^1.9.3"
      }
    },
    "@funkia/jabz": {
      "version": "0.0.24",
      "resolved": "https://registry.npmjs.org/@funkia/jabz/-/jabz-0.0.24.tgz",
      "integrity": "sha512-zVqcjXvSR9Rh78wMvtOZqnOP0QWFGX4++cRJgdhm0ELz7Pgfy5m+ZjzmWngFxYC5q4QG6ZrcywMlBuMlHuVxoA==",
      "requires": {
        "tslib": "^1.9.2"
      }
    },
    "tslib": {
      "version": "1.9.3",
      "resolved": "https://registry.npmjs.org/tslib/-/tslib-1.9.3.tgz",
      "integrity": "sha512-4krF8scpejhaOgqzBEcGM7yDIEfi0/8+8zDRZhNZZ2kjmHJ4hv3zCbQWxoJGz1iw5U0Jl0nma13xzHXcncMavQ=="
    }
  }
}
